
Microsoft Visual Studio Solution File, Format Version 12.00
# Visual Studio Version 17
VisualStudioVersion = 17.2.32616.157
MinimumVisualStudioVersion = 10.0.40219.1
Project("{FAE04EC0-301F-11D3-BF4B-00C04F79EFBC}") = "RevitTool", "RevitTool\RevitTool.csproj", "{7D5EDDF4-4629-4456-84EB-F2C645C5898E}"
EndProject
Global
	GlobalSection(SolutionConfigurationPlatforms) = preSolution
		Debug|Any CPU = Debug|Any CPU
		Release|Any CPU = Release|Any CPU
	EndGlobalSection
	GlobalSection(ProjectConfigurationPlatforms) = postSolution
		{7D5EDDF4-4629-4456-84EB-F2C645C5898E}.Debug|Any CPU.ActiveCfg = Debug|Any CPU
		{7D5EDDF4-4629-4456-84EB-F2C645C5898E}.Debug|Any CPU.Build.0 = Debug|Any CPU
		{7D5EDDF4-4629-4456-84EB-F2C645C5898E}.Release|Any CPU.ActiveCfg = Release|Any CPU
		{7D5EDDF4-4629-4456-84EB-F2C645C5898E}.Release|Any CPU.Build.0 = Release|Any CPU
	EndGlobalSection
	GlobalSection(SolutionProperties) = preSolution
		HideSolutionNode = FALSE
	EndGlobalSection
	GlobalSection(ExtensibilityGlobals) = postSolution
		SolutionGuid = {B817543D-5205-4C3D-A165-F471DA35CB07}
	EndGlobalSection
EndGlobal
